{
  "name": "sample_app",
  "lockfileVersion": 2,
  "requires": true,
  "packages": {
    "": {
      "devDependencies": {
        "@prettier/plugin-ruby": "^0.20.1",
        "prettier": "^2.2.0"
      }
    },
    "node_modules/@prettier/plugin-ruby": {
      "version": "0.20.1",
      "resolved": "https://registry.npmjs.org/@prettier/plugin-ruby/-/plugin-ruby-0.20.1.tgz",
      "integrity": "sha512-SGIRV+T6dzWZN2xheT169Tjwb22K3rTrzUUqhJ436gUDz2hfI3OxxKNpfU/0j++HhhGECSwFlFjGBn5tB52+XQ==",
      "dev": true,
      "dependencies": {
        "prettier": ">=1.10"
      }
    },
    "node_modules/prettier": {
      "version": "2.2.0",
      "resolved": "https://registry.npmjs.org/prettier/-/prettier-2.2.0.tgz",
      "integrity": "sha512-yYerpkvseM4iKD/BXLYUkQV5aKt4tQPqaGW6EsZjzyu0r7sVZZNPJW4Y8MyKmicp6t42XUPcBVA+H6sB3gqndw==",
      "dev": true,
      "bin": {
        "prettier": "bin-prettier.js"
      },
      "engines": {
        "node": ">=10.13.0"
      }
    }
  },
  "dependencies": {
    "@prettier/plugin-ruby": {
      "version": "0.20.1",
      "resolved": "https://registry.npmjs.org/@prettier/plugin-ruby/-/plugin-ruby-0.20.1.tgz",
      "integrity": "sha512-SGIRV+T6dzWZN2xheT169Tjwb22K3rTrzUUqhJ436gUDz2hfI3OxxKNpfU/0j++HhhGECSwFlFjGBn5tB52+XQ==",
      "dev": true,
      "requires": {
        "prettier": ">=1.10"
      }
    },
    "prettier": {
      "version": "2.2.0",
      "resolved": "https://registry.npmjs.org/prettier/-/prettier-2.2.0.tgz",
      "integrity": "sha512-yYerpkvseM4iKD/BXLYUkQV5aKt4tQPqaGW6EsZjzyu0r7sVZZNPJW4Y8MyKmicp6t42XUPcBVA+H6sB3gqndw==",
      "dev": true
    }
  }
}
